
Microsoft Visual Studio Solution File, Format Version 12.00
# Visual Studio Version 17
VisualStudioVersion = 17.0.31903.59
MinimumVisualStudioVersion = 10.0.40219.1
Project("{FAE04EC0-301F-11D3-BF4B-00C04F79EFBC}") = "WebApp", "WebApp\WebApp.csproj", "{257DFA6C-EC27-4699-BB4A-57C5D64E6506}"
EndProject
Project("{FAE04EC0-301F-11D3-BF4B-00C04F79EFBC}") = "WebBackend", "WebBackend\WebBackend.csproj", "{45C814B7-B373-4535-8CCA-DA0EDDAA92BF}"
EndProject
Global
	GlobalSection(SolutionConfigurationPlatforms) = preSolution
		Debug|Any CPU = Debug|Any CPU
		Release|Any CPU = Release|Any CPU
	EndGlobalSection
	GlobalSection(SolutionProperties) = preSolution
		HideSolutionNode = FALSE
	EndGlobalSection
	GlobalSection(ProjectConfigurationPlatforms) = postSolution
		{257DFA6C-EC27-4699-BB4A-57C5D64E6506}.Debug|Any CPU.ActiveCfg = Debug|Any CPU
		{257DFA6C-EC27-4699-BB4A-57C5D64E6506}.Debug|Any CPU.Build.0 = Debug|Any CPU
		{257DFA6C-EC27-4699-BB4A-57C5D64E6506}.Release|Any CPU.ActiveCfg = Release|Any CPU
		{257DFA6C-EC27-4699-BB4A-57C5D64E6506}.Release|Any CPU.Build.0 = Release|Any CPU
		{45C814B7-B373-4535-8CCA-DA0EDDAA92BF}.Debug|Any CPU.ActiveCfg = Debug|Any CPU
		{45C814B7-B373-4535-8CCA-DA0EDDAA92BF}.Debug|Any CPU.Build.0 = Debug|Any CPU
		{45C814B7-B373-4535-8CCA-DA0EDDAA92BF}.Release|Any CPU.ActiveCfg = Release|Any CPU
		{45C814B7-B373-4535-8CCA-DA0EDDAA92BF}.Release|Any CPU.Build.0 = Release|Any CPU
	EndGlobalSection
EndGlobal
